
Microsoft Visual Studio Solution File, Format Version 12.00
# Visual Studio Version 16
VisualStudioVersion = 16.0.29926.136
MinimumVisualStudioVersion = 10.0.40219.1
Project("{FAE04EC0-301F-11D3-BF4B-00C04F79EFBC}") = "UsefulApp.Android", "UsefulApp\UsefulApp.Android\UsefulApp.Android.csproj", "{156ED3C3-F36A-418C-BF42-7F09FEFC6595}"
EndProject
Project("{FAE04EC0-301F-11D3-BF4B-00C04F79EFBC}") = "UsefulApp", "UsefulApp\UsefulApp\UsefulApp.csproj", "{FCAA985E-BAFA-40A1-A156-D64CC50C2255}"
EndProject
Global
	GlobalSection(SolutionConfigurationPlatforms) = preSolution
		Debug|Any CPU = Debug|Any CPU
		Release|Any CPU = Release|Any CPU
	EndGlobalSection
	GlobalSection(ProjectConfigurationPlatforms) = postSolution
		{156ED3C3-F36A-418C-BF42-7F09FEFC6595}.Debug|Any CPU.ActiveCfg = Debug|Any CPU
		{156ED3C3-F36A-418C-BF42-7F09FEFC6595}.Debug|Any CPU.Build.0 = Debug|Any CPU
		{156ED3C3-F36A-418C-BF42-7F09FEFC6595}.Debug|Any CPU.Deploy.0 = Debug|Any CPU
		{156ED3C3-F36A-418C-BF42-7F09FEFC6595}.Release|Any CPU.ActiveCfg = Release|Any CPU
		{156ED3C3-F36A-418C-BF42-7F09FEFC6595}.Release|Any CPU.Build.0 = Release|Any CPU
		{156ED3C3-F36A-418C-BF42-7F09FEFC6595}.Release|Any CPU.Deploy.0 = Release|Any CPU
		{FCAA985E-BAFA-40A1-A156-D64CC50C2255}.Debug|Any CPU.ActiveCfg = Debug|Any CPU
		{FCAA985E-BAFA-40A1-A156-D64CC50C2255}.Debug|Any CPU.Build.0 = Debug|Any CPU
		{FCAA985E-BAFA-40A1-A156-D64CC50C2255}.Debug|Any CPU.Deploy.0 = Debug|Any CPU
		{FCAA985E-BAFA-40A1-A156-D64CC50C2255}.Release|Any CPU.ActiveCfg = Release|Any CPU
		{FCAA985E-BAFA-40A1-A156-D64CC50C2255}.Release|Any CPU.Build.0 = Release|Any CPU
		{FCAA985E-BAFA-40A1-A156-D64CC50C2255}.Release|Any CPU.Deploy.0 = Release|Any CPU
	EndGlobalSection
	GlobalSection(SolutionProperties) = preSolution
		HideSolutionNode = FALSE
	EndGlobalSection
	GlobalSection(ExtensibilityGlobals) = postSolution
		SolutionGuid = {CE7E375D-E143-48D7-967D-D3E986DA305E}
	EndGlobalSection
EndGlobal
